// !$*UTF8*$!
{
	archiveVersion = 1;
	classes = {
	};
	objectVersion = 46;
	objects = {

/* Begin PBXBuildFile section */
		A0E080411AE8CD03005ACB3C /* guitar.cpp in Sources */ = {isa = PBXBuildFile; fileRef = A0E080401AE8CD03005ACB3C /* guitar.cpp */; };
		A0E1D52F1AF2F3A5000CC42C /* guitar.cpp in Sources */ = {isa = PBXBuildFile; fileRef = A0E1D52E1AF2F3A5000CC42C /* guitar.cpp */; };
/* End PBXBuildFile section */

/* Begin PBXCopyFilesBuildPhase section */
		A0E0803B1AE8CD03005ACB3C /* CopyFiles */ = {
			isa = PBXCopyFilesBuildPhase;
			buildActionMask = 2147483647;
			dstPath = /usr/share/man/man1/;
			dstSubfolderSpec = 0;
			files = (
			);
			runOnlyForDeploymentPostprocessing = 1;
		};
/* End PBXCopyFilesBuildPhase section */

/* Begin PBXFileReference section */
		A0E0803D1AE8CD03005ACB3C /* guitar */ = {isa = PBXFileReference; explicitFileType = "compiled.mach-o.executable"; includeInIndex = 0; path = guitar; sourceTree = BUILT_PRODUCTS_DIR; };
		A0E080401AE8CD03005ACB3C /* guitar.cpp */ = {isa = PBXFileReference; lastKnownFileType = sourcecode.cpp.cpp; path = guitar.cpp; sourceTree = "<group>"; };
		A0E1D52E1AF2F3A5000CC42C /* guitar.cpp */ = {isa = PBXFileReference; fileEncoding = 4; lastKnownFileType = sourcecode.cpp.cpp; name = guitar.cpp; path = ../../../guitar.cpp; sourceTree = "<group>"; };
/* End PBXFileReference section */

/* Begin PBXFrameworksBuildPhase section */
		A0E0803A1AE8CD03005ACB3C /* Frameworks */ = {
			isa = PBXFrameworksBuildPhase;
			buildActionMask = 2147483647;
			files = (
			);
			runOnlyForDeploymentPostprocessing = 0;
		};
/* End PBXFrameworksBuildPhase section */

/* Begin PBXGroup section */
		A0E080341AE8CD03005ACB3C = {
			isa = PBXGroup;
			children = (
				A0E0803F1AE8CD03005ACB3C /* Project 3 */,
				A0E0803E1AE8CD03005ACB3C /* Products */,
			);
			sourceTree = "<group>";
		};
		A0E0803E1AE8CD03005ACB3C /* Products */ = {
			isa = PBXGroup;
			children = (
				A0E0803D1AE8CD03005ACB3C /* guitar */,
			);
			name = Products;
			sourceTree = "<group>";
		};
		A0E0803F1AE8CD03005ACB3C /* Project 3 */ = {
			isa = PBXGroup;
			children = (
				A0E080401AE8CD03005ACB3C /* guitar.cpp */,
				A0E1D52E1AF2F3A5000CC42C /* guitar.cpp */,
			);
			name = "Project 3";
			path = guitar;
			sourceTree = "<group>";
		};
/* End PBXGroup section */

/* Begin PBXNativeTarget section */
		A0E0803C1AE8CD03005ACB3C /* guitar */ = {
			isa = PBXNativeTarget;
			buildConfigurationList = A0E080441AE8CD03005ACB3C /* Build configuration list for PBXNativeTarget "guitar" */;
			buildPhases = (
				A0E080391AE8CD03005ACB3C /* Sources */,
				A0E0803A1AE8CD03005ACB3C /* Frameworks */,
				A0E0803B1AE8CD03005ACB3C /* CopyFiles */,
			);
			buildRules = (
			);
			dependencies = (
			);
			name = guitar;
			productName = guitar;
			productReference = A0E0803D1AE8CD03005ACB3C /* guitar */;
			productType = "com.apple.product-type.tool";
		};
/* End PBXNativeTarget section */

/* Begin PBXProject section */
		A0E080351AE8CD03005ACB3C /* Project object */ = {
			isa = PBXProject;
			attributes = {
				LastUpgradeCheck = 0630;
				ORGANIZATIONNAME = "Brian Wong";
				TargetAttributes = {
					A0E0803C1AE8CD03005ACB3C = {
						CreatedOnToolsVersion = 6.3;
					};
				};
			};
			buildConfigurationList = A0E080381AE8CD03005ACB3C /* Build configuration list for PBXProject "guitar" */;
			compatibilityVersion = "Xcode 3.2";
			developmentRegion = English;
			hasScannedForEncodings = 0;
			knownRegions = (
				en,
			);
			mainGroup = A0E080341AE8CD03005ACB3C;
			productRefGroup = A0E0803E1AE8CD03005ACB3C /* Products */;
			projectDirPath = "";
			projectRoot = "";
			targets = (
				A0E0803C1AE8CD03005ACB3C /* guitar */,
			);
		};
/* End PBXProject section */

/* Begin PBXSourcesBuildPhase section */
		A0E080391AE8CD03005ACB3C /* Sources */ = {
			isa = PBXSourcesBuildPhase;
			buildActionMask = 2147483647;
			files = (
				A0E080411AE8CD03005ACB3C /* guitar.cpp in Sources */,
				A0E1D52F1AF2F3A5000CC42C /* guitar.cpp in Sources */,
			);
			runOnlyForDeploymentPostprocessing = 0;
		};
/* End PBXSourcesBuildPhase section */

/* Begin XCBuildConfiguration section */
		A0E080421AE8CD03005ACB3C /* Debug */ = {
			isa = XCBuildConfiguration;
			buildSettings = {
				ALWAYS_SEARCH_USER_PATHS = NO;
				CLANG_CXX_LANGUAGE_STANDARD = "gnu++0x";
				CLANG_CXX_LIBRARY = "libc++";
				CLANG_ENABLE_MODULES = YES;
				CLANG_ENABLE_OBJC_ARC = YES;
				CLANG_WARN_BOOL_CONVERSION = YES;
				CLANG_WARN_CONSTANT_CONVERSION = YES;
				CLANG_WARN_DIRECT_OBJC_ISA_USAGE = YES_ERROR;
				CLANG_WARN_EMPTY_BODY = YES;
				CLANG_WARN_ENUM_CONVERSION = YES;
				CLANG_WARN_INT_CONVERSION = YES;
				CLANG_WARN_OBJC_ROOT_CLASS = YES_ERROR;
				CLANG_WARN_UNREACHABLE_CODE = YES;
				CLANG_WARN__DUPLICATE_METHOD_MATCH = YES;
				COPY_PHASE_STRIP = NO;
				DEBUG_INFORMATION_FORMAT = dwarf;
				ENABLE_STRICT_OBJC_MSGSEND = YES;
				GCC_C_LANGUAGE_STANDARD = gnu99;
				GCC_DYNAMIC_NO_PIC = NO;
				GCC_NO_COMMON_BLOCKS = YES;
				GCC_OPTIMIZATION_LEVEL = 0;
				GCC_PREPROCESSOR_DEFINITIONS = (
					"DEBUG=1",
					"$(inherited)",
				);
				GCC_SYMBOLS_PRIVATE_EXTERN = NO;
				GCC_WARN_64_TO_32_BIT_CONVERSION = YES;
				GCC_WARN_ABOUT_RETURN_TYPE = YES_ERROR;
				GCC_WARN_UNDECLARED_SELECTOR = YES;
				GCC_WARN_UNINITIALIZED_AUTOS = YES_AGGRESSIVE;
				GCC_WARN_UNUSED_FUNCTION = YES;
				GCC_WARN_UNUSED_VARIABLE = YES;
				MACOSX_DEPLOYMENT_TARGET = 10.10;
				MTL_ENABLE_DEBUG_INFO = YES;
				ONLY_ACTIVE_ARCH = YES;
				SDKROOT = macosx;
			};
			name = Debug;
		};
		A0E080431AE8CD03005ACB3C /* Release */ = {
			isa = XCBuildConfiguration;
			buildSettings = {
				ALWAYS_SEARCH_USER_PATHS = NO;
				CLANG_CXX_LANGUAGE_STANDARD = "gnu++0x";
				CLANG_CXX_LIBRARY = "libc++";
				CLANG_ENABLE_MODULES = YES;
				CLANG_ENABLE_OBJC_ARC = YES;
				CLANG_WARN_BOOL_CONVERSION = YES;
				CLANG_WARN_CONSTANT_CONVERSION = YES;
				CLANG_WARN_DIRECT_OBJC_ISA_USAGE = YES_ERROR;
				CLANG_WARN_EMPTY_BODY = YES;
				CLANG_WARN_ENUM_CONVERSION = YES;
				CLANG_WARN_INT_CONVERSION = YES;
				CLANG_WARN_OBJC_ROOT_CLASS = YES_ERROR;
				CLANG_WARN_UNREACHABLE_CODE = YES;
				CLANG_WARN__DUPLICATE_METHOD_MATCH = YES;
				COPY_PHASE_STRIP = NO;
				DEBUG_INFORMATION_FORMAT = "dwarf-with-dsym";
				ENABLE_NS_ASSERTIONS = NO;
				ENABLE_STRICT_OBJC_MSGSEND = YES;
				GCC_C_LANGUAGE_STANDARD = gnu99;
				GCC_NO_COMMON_BLOCKS = YES;
				GCC_WARN_64_TO_32_BIT_CONVERSION = YES;
				GCC_WARN_ABOUT_RETURN_TYPE = YES_ERROR;
				GCC_WARN_UNDECLARED_SELECTOR = YES;
				GCC_WARN_UNINITIALIZED_AUTOS = YES_AGGRESSIVE;
				GCC_WARN_UNUSED_FUNCTION = YES;
				GCC_WARN_UNUSED_VARIABLE = YES;
				MACOSX_DEPLOYMENT_TARGET = 10.10;
				MTL_ENABLE_DEBUG_INFO = NO;
				SDKROOT = macosx;
			};
			name = Release;
		};
		A0E080451AE8CD03005ACB3C /* Debug */ = {
			isa = XCBuildConfiguration;
			buildSettings = {
				PRODUCT_NAME = "$(TARGET_NAME)";
			};
			name = Debug;
		};
		A0E080461AE8CD03005ACB3C /* Release */ = {
			isa = XCBuildConfiguration;
			buildSettings = {
				PRODUCT_NAME = "$(TARGET_NAME)";
			};
			name = Release;
		};
/* End XCBuildConfiguration section */

/* Begin XCConfigurationList section */
		A0E080381AE8CD03005ACB3C /* Build configuration list for PBXProject "guitar" */ = {
			isa = XCConfigurationList;
			buildConfigurations = (
				A0E080421AE8CD03005ACB3C /* Debug */,
				A0E080431AE8CD03005ACB3C /* Release */,
			);
			defaultConfigurationIsVisible = 0;
			defaultConfigurationName = Release;
		};
		A0E080441AE8CD03005ACB3C /* Build configuration list for PBXNativeTarget "guitar" */ = {
			isa = XCConfigurationList;
			buildConfigurations = (
				A0E080451AE8CD03005ACB3C /* Debug */,
				A0E080461AE8CD03005ACB3C /* Release */,
			);
			defaultConfigurationIsVisible = 0;
			defaultConfigurationName = Release;
		};
/* End XCConfigurationList section */
	};
	rootObject = A0E080351AE8CD03005ACB3C /* Project object */;
}
